Microsoft Visual Studio Solution File, Format Version 12.00
# Visual Studio Version 16
VisualStudioVersion = 16.0.32929.386
MinimumVisualStudioVersion = 10.0.40219.1
Project("{2150E333-8FDC-42A3-9474-1A3956D46DE8}") = "demo", "demo", "{393528DE-A8AD-4416-A377-93E28DB41A93}"
EndProject
Project("{2150E333-8FDC-42A3-9474-1A3956D46DE8}") = ".sln", ".sln", "{372426BA-7793-4EE7-9387-E730F1611517}"
	ProjectSection(SolutionItems) = preProject
		.editorconfig = .editorconfig
	EndProjectSection
EndProject
Project("{FAE04EC0-301F-11D3-BF4B-00C04F79EFBC}") = "Modular.Contracts", "Modular.Contracts\Modular.Contracts.csproj", "{12DF472D-9135-4CE8-8917-C558B2C399BA}"
EndProject
Project("{FAE04EC0-301F-11D3-BF4B-00C04F79EFBC}") = "Modular", "Modular\Modular.csproj", "{C5C459B8-9E0C-47AF-ADED-F270C840D02E}"
EndProject
Project("{FAE04EC0-301F-11D3-BF4B-00C04F79EFBC}") = "SomeModules", "SomeModules\SomeModules.csproj", "{EC36BFEC-43D6-4E80-ABE0-61767CC9A176}"
EndProject
Project("{FAE04EC0-301F-11D3-BF4B-00C04F79EFBC}") = "DemoWebApp", "DemoWebApp\DemoWebApp.csproj", "{D7CA64F2-7678-4F96-A8E5-3CB0671B46D5}"
EndProject
Global
	GlobalSection(SolutionProperties) = preSolution
		HideSolutionNode = FALSE
	EndGlobalSection
	GlobalSection(ExtensibilityGlobals) = postSolution
		SolutionGuid = {CCBC4F54-5EF8-4F03-B7FA-B01D5BF62625}
	EndGlobalSection
	GlobalSection(SolutionConfigurationPlatforms) = preSolution
		Debug|Any CPU = Debug|Any CPU
		Debug|x64 = Debug|x64
		Debug|x86 = Debug|x86
		Release|Any CPU = Release|Any CPU
		Release|x64 = Release|x64
		Release|x86 = Release|x86
	EndGlobalSection
	GlobalSection(ProjectConfigurationPlatforms) = postSolution
		{12DF472D-9135-4CE8-8917-C558B2C399BA}.Debug|Any CPU.ActiveCfg = Debug|Any CPU
		{12DF472D-9135-4CE8-8917-C558B2C399BA}.Debug|Any CPU.Build.0 = Debug|Any CPU
		{12DF472D-9135-4CE8-8917-C558B2C399BA}.Debug|x64.ActiveCfg = Debug|Any CPU
		{12DF472D-9135-4CE8-8917-C558B2C399BA}.Debug|x64.Build.0 = Debug|Any CPU
		{12DF472D-9135-4CE8-8917-C558B2C399BA}.Debug|x86.ActiveCfg = Debug|Any CPU
		{12DF472D-9135-4CE8-8917-C558B2C399BA}.Debug|x86.Build.0 = Debug|Any CPU
		{12DF472D-9135-4CE8-8917-C558B2C399BA}.Release|Any CPU.ActiveCfg = Release|Any CPU
		{12DF472D-9135-4CE8-8917-C558B2C399BA}.Release|Any CPU.Build.0 = Release|Any CPU
		{12DF472D-9135-4CE8-8917-C558B2C399BA}.Release|x64.ActiveCfg = Release|Any CPU
		{12DF472D-9135-4CE8-8917-C558B2C399BA}.Release|x64.Build.0 = Release|Any CPU
		{12DF472D-9135-4CE8-8917-C558B2C399BA}.Release|x86.ActiveCfg = Release|Any CPU
		{12DF472D-9135-4CE8-8917-C558B2C399BA}.Release|x86.Build.0 = Release|Any CPU
		{C5C459B8-9E0C-47AF-ADED-F270C840D02E}.Debug|Any CPU.ActiveCfg = Debug|Any CPU
		{C5C459B8-9E0C-47AF-ADED-F270C840D02E}.Debug|Any CPU.Build.0 = Debug|Any CPU
		{C5C459B8-9E0C-47AF-ADED-F270C840D02E}.Debug|x64.ActiveCfg = Debug|Any CPU
		{C5C459B8-9E0C-47AF-ADED-F270C840D02E}.Debug|x64.Build.0 = Debug|Any CPU
		{C5C459B8-9E0C-47AF-ADED-F270C840D02E}.Debug|x86.ActiveCfg = Debug|Any CPU
		{C5C459B8-9E0C-47AF-ADED-F270C840D02E}.Debug|x86.Build.0 = Debug|Any CPU
		{C5C459B8-9E0C-47AF-ADED-F270C840D02E}.Release|Any CPU.ActiveCfg = Release|Any CPU
		{C5C459B8-9E0C-47AF-ADED-F270C840D02E}.Release|Any CPU.Build.0 = Release|Any CPU
		{C5C459B8-9E0C-47AF-ADED-F270C840D02E}.Release|x64.ActiveCfg = Release|Any CPU
		{C5C459B8-9E0C-47AF-ADED-F270C840D02E}.Release|x64.Build.0 = Release|Any CPU
		{C5C459B8-9E0C-47AF-ADED-F270C840D02E}.Release|x86.ActiveCfg = Release|Any CPU
		{C5C459B8-9E0C-47AF-ADED-F270C840D02E}.Release|x86.Build.0 = Release|Any CPU
		{EC36BFEC-43D6-4E80-ABE0-61767CC9A176}.Debug|Any CPU.ActiveCfg = Debug|Any CPU
		{EC36BFEC-43D6-4E80-ABE0-61767CC9A176}.Debug|Any CPU.Build.0 = Debug|Any CPU
		{EC36BFEC-43D6-4E80-ABE0-61767CC9A176}.Debug|x64.ActiveCfg = Debug|Any CPU
		{EC36BFEC-43D6-4E80-ABE0-61767CC9A176}.Debug|x64.Build.0 = Debug|Any CPU
		{EC36BFEC-43D6-4E80-ABE0-61767CC9A176}.Debug|x86.ActiveCfg = Debug|Any CPU
		{EC36BFEC-43D6-4E80-ABE0-61767CC9A176}.Debug|x86.Build.0 = Debug|Any CPU
		{EC36BFEC-43D6-4E80-ABE0-61767CC9A176}.Release|Any CPU.ActiveCfg = Release|Any CPU
		{EC36BFEC-43D6-4E80-ABE0-61767CC9A176}.Release|Any CPU.Build.0 = Release|Any CPU
		{EC36BFEC-43D6-4E80-ABE0-61767CC9A176}.Release|x64.ActiveCfg = Release|Any CPU
		{EC36BFEC-43D6-4E80-ABE0-61767CC9A176}.Release|x64.Build.0 = Release|Any CPU
		{EC36BFEC-43D6-4E80-ABE0-61767CC9A176}.Release|x86.ActiveCfg = Release|Any CPU
		{EC36BFEC-43D6-4E80-ABE0-61767CC9A176}.Release|x86.Build.0 = Release|Any CPU
		{D7CA64F2-7678-4F96-A8E5-3CB0671B46D5}.Debug|Any CPU.ActiveCfg = Debug|Any CPU
		{D7CA64F2-7678-4F96-A8E5-3CB0671B46D5}.Debug|Any CPU.Build.0 = Debug|Any CPU
		{D7CA64F2-7678-4F96-A8E5-3CB0671B46D5}.Debug|x64.ActiveCfg = Debug|Any CPU
		{D7CA64F2-7678-4F96-A8E5-3CB0671B46D5}.Debug|x64.Build.0 = Debug|Any CPU
		{D7CA64F2-7678-4F96-A8E5-3CB0671B46D5}.Debug|x86.ActiveCfg = Debug|Any CPU
		{D7CA64F2-7678-4F96-A8E5-3CB0671B46D5}.Debug|x86.Build.0 = Debug|Any CPU
		{D7CA64F2-7678-4F96-A8E5-3CB0671B46D5}.Release|Any CPU.ActiveCfg = Release|Any CPU
		{D7CA64F2-7678-4F96-A8E5-3CB0671B46D5}.Release|Any CPU.Build.0 = Release|Any CPU
		{D7CA64F2-7678-4F96-A8E5-3CB0671B46D5}.Release|x64.ActiveCfg = Release|Any CPU
		{D7CA64F2-7678-4F96-A8E5-3CB0671B46D5}.Release|x64.Build.0 = Release|Any CPU
		{D7CA64F2-7678-4F96-A8E5-3CB0671B46D5}.Release|x86.ActiveCfg = Release|Any CPU
		{D7CA64F2-7678-4F96-A8E5-3CB0671B46D5}.Release|x86.Build.0 = Release|Any CPU
	EndGlobalSection
	GlobalSection(NestedProjects) = preSolution
		{D7CA64F2-7678-4F96-A8E5-3CB0671B46D5} = {393528DE-A8AD-4416-A377-93E28DB41A93}
		{EC36BFEC-43D6-4E80-ABE0-61767CC9A176} = {393528DE-A8AD-4416-A377-93E28DB41A93}
	EndGlobalSection
EndGlobal
